// !$*UTF8*$!
{
	archiveVersion = 1;
	classes = {
	};
	objectVersion = 46;
	objects = {

/* Begin PBXBuildFile section */
		CA3676321D19C5E400B227BF /* AppDelegate.swift in Sources */ = {isa = PBXBuildFile; fileRef = CA3676311D19C5E400B227BF /* AppDelegate.swift */; };
		CA3676341D19C5E400B227BF /* ViewController.swift in Sources */ = {isa = PBXBuildFile; fileRef = CA3676331D19C5E400B227BF /* ViewController.swift */; };
		CA3676371D19C5E400B227BF /* Main.storyboard in Resources */ = {isa = PBXBuildFile; fileRef = CA3676351D19C5E400B227BF /* Main.storyboard */; };
		CA3676391D19C5E400B227BF /* Assets.xcassets in Resources */ = {isa = PBXBuildFile; fileRef = CA3676381D19C5E400B227BF /* Assets.xcassets */; };
		CA36763C1D19C5E400B227BF /* LaunchScreen.storyboard in Resources */ = {isa = PBXBuildFile; fileRef = CA36763A1D19C5E400B227BF /* LaunchScreen.storyboard */; };
/* End PBXBuildFile section */

/* Begin PBXFileReference section */
		CA36762E1D19C5E400B227BF /* EndlessPagingExample.app */ = {isa = PBXFileReference; explicitFileType = wrapper.application; includeInIndex = 0; path = EndlessPagingExample.app; sourceTree = BUILT_PRODUCTS_DIR; };
		CA3676311D19C5E400B227BF /* AppDelegate.swift */ = {isa = PBXFileReference; lastKnownFileType = sourcecode.swift; path = AppDelegate.swift; sourceTree = "<group>"; };
		CA3676331D19C5E400B227BF /* ViewController.swift */ = {isa = PBXFileReference; lastKnownFileType = sourcecode.swift; path = ViewController.swift; sourceTree = "<group>"; };
		CA3676361D19C5E400B227BF /* Base */ = {isa = PBXFileReference; lastKnownFileType = file.storyboard; name = Base; path = Base.lproj/Main.storyboard; sourceTree = "<group>"; };
		CA3676381D19C5E400B227BF /* Assets.xcassets */ = {isa = PBXFileReference; lastKnownFileType = folder.assetcatalog; path = Assets.xcassets; sourceTree = "<group>"; };
		CA36763B1D19C5E400B227BF /* Base */ = {isa = PBXFileReference; lastKnownFileType = file.storyboard; name = Base; path = Base.lproj/LaunchScreen.storyboard; sourceTree = "<group>"; };
		CA36763D1D19C5E400B227BF /* Info.plist */ = {isa = PBXFileReference; lastKnownFileType = text.plist.xml; path = Info.plist; sourceTree = "<group>"; };
/* End PBXFileReference section */

/* Begin PBXFrameworksBuildPhase section */
		CA36762B1D19C5E400B227BF /* Frameworks */ = {
			isa = PBXFrameworksBuildPhase;
			buildActionMask = 2147483647;
			files = (
			);
			runOnlyForDeploymentPostprocessing = 0;
		};
/* End PBXFrameworksBuildPhase section */

/* Begin PBXGroup section */
		CA3676251D19C5E400B227BF = {
			isa = PBXGroup;
			children = (
				CA3676301D19C5E400B227BF /* EndlessPagingExample */,
				CA36762F1D19C5E400B227BF /* Products */,
			);
			sourceTree = "<group>";
		};
		CA36762F1D19C5E400B227BF /* Products */ = {
			isa = PBXGroup;
			children = (
				CA36762E1D19C5E400B227BF /* EndlessPagingExample.app */,
			);
			name = Products;
			sourceTree = "<group>";
		};
		CA3676301D19C5E400B227BF /* EndlessPagingExample */ = {
			isa = PBXGroup;
			children = (
				CA3676311D19C5E400B227BF /* AppDelegate.swift */,
				CA3676331D19C5E400B227BF /* ViewController.swift */,
				CA3676351D19C5E400B227BF /* Main.storyboard */,
				CA3676381D19C5E400B227BF /* Assets.xcassets */,
				CA36763A1D19C5E400B227BF /* LaunchScreen.storyboard */,
				CA36763D1D19C5E400B227BF /* Info.plist */,
			);
			path = EndlessPagingExample;
			sourceTree = "<group>";
		};
/* End PBXGroup section */

/* Begin PBXNativeTarget section */
		CA36762D1D19C5E400B227BF /* EndlessPagingExample */ = {
			isa = PBXNativeTarget;
			buildConfigurationList = CA3676401D19C5E400B227BF /* Build configuration list for PBXNativeTarget "EndlessPagingExample" */;
			buildPhases = (
				CA36762A1D19C5E400B227BF /* Sources */,
				CA36762B1D19C5E400B227BF /* Frameworks */,
				CA36762C1D19C5E400B227BF /* Resources */,
			);
			buildRules = (
			);
			dependencies = (
			);
			name = EndlessPagingExample;
			productName = EndlessPagingExample;
			productReference = CA36762E1D19C5E400B227BF /* EndlessPagingExample.app */;
			productType = "com.apple.product-type.application";
		};
/* End PBXNativeTarget section */

/* Begin PBXProject section */
		CA3676261D19C5E400B227BF /* Project object */ = {
			isa = PBXProject;
			attributes = {
				LastSwiftUpdateCheck = 0730;
				LastUpgradeCheck = 0730;
				ORGANIZATIONNAME = "Richard Adem";
				TargetAttributes = {
					CA36762D1D19C5E400B227BF = {
						CreatedOnToolsVersion = 7.3.1;
					};
				};
			};
			buildConfigurationList = CA3676291D19C5E400B227BF /* Build configuration list for PBXProject "EndlessPagingExample" */;
			compatibilityVersion = "Xcode 3.2";
			developmentRegion = English;
			hasScannedForEncodings = 0;
			knownRegions = (
				en,
				Base,
			);
			mainGroup = CA3676251D19C5E400B227BF;
			productRefGroup = CA36762F1D19C5E400B227BF /* Products */;
			projectDirPath = "";
			projectRoot = "";
			targets = (
				CA36762D1D19C5E400B227BF /* EndlessPagingExample */,
			);
		};
/* End PBXProject section */

/* Begin PBXResourcesBuildPhase section */
		CA36762C1D19C5E400B227BF /* Resources */ = {
			isa = PBXResourcesBuildPhase;
			buildActionMask = 2147483647;
			files = (
				CA36763C1D19C5E400B227BF /* LaunchScreen.storyboard in Resources */,
				CA3676391D19C5E400B227BF /* Assets.xcassets in Resources */,
				CA3676371D19C5E400B227BF /* Main.storyboard in Resources */,
			);
			runOnlyForDeploymentPostprocessing = 0;
		};
/* End PBXResourcesBuildPhase section */

/* Begin PBXSourcesBuildPhase section */
		CA36762A1D19C5E400B227BF /* Sources */ = {
			isa = PBXSourcesBuildPhase;
			buildActionMask = 2147483647;
			files = (
				CA3676341D19C5E400B227BF /* ViewController.swift in Sources */,
				CA3676321D19C5E400B227BF /* AppDelegate.swift in Sources */,
			);
			runOnlyForDeploymentPostprocessing = 0;
		};
/* End PBXSourcesBuildPhase section */

/* Begin PBXVariantGroup section */
		CA3676351D19C5E400B227BF /* Main.storyboard */ = {
			isa = PBXVariantGroup;
			children = (
				CA3676361D19C5E400B227BF /* Base */,
			);
			name = Main.storyboard;
			sourceTree = "<group>";
		};
		CA36763A1D19C5E400B227BF /* LaunchScreen.storyboard */ = {
			isa = PBXVariantGroup;
			children = (
				CA36763B1D19C5E400B227BF /* Base */,
			);
			name = LaunchScreen.storyboard;
			sourceTree = "<group>";
		};
/* End PBXVariantGroup section */

/* Begin XCBuildConfiguration section */
		CA36763E1D19C5E400B227BF /* Debug */ = {
			isa = XCBuildConfiguration;
			buildSettings = {
				ALWAYS_SEARCH_USER_PATHS = NO;
				CLANG_ANALYZER_NONNULL = YES;
				CLANG_CXX_LANGUAGE_STANDARD = "gnu++0x";
				CLANG_CXX_LIBRARY = "libc++";
				CLANG_ENABLE_MODULES = YES;
				CLANG_ENABLE_OBJC_ARC = YES;
				CLANG_WARN_BOOL_CONVERSION = YES;
				CLANG_WARN_CONSTANT_CONVERSION = YES;
				CLANG_WARN_DIRECT_OBJC_ISA_USAGE = YES_ERROR;
				CLANG_WARN_EMPTY_BODY = YES;
				CLANG_WARN_ENUM_CONVERSION = YES;
				CLANG_WARN_INT_CONVERSION = YES;
				CLANG_WARN_OBJC_ROOT_CLASS = YES_ERROR;
				CLANG_WARN_UNREACHABLE_CODE = YES;
				CLANG_WARN__DUPLICATE_METHOD_MATCH = YES;
				"CODE_SIGN_IDENTITY[sdk=iphoneos*]" = "iPhone Developer";
				COPY_PHASE_STRIP = NO;
				DEBUG_INFORMATION_FORMAT = dwarf;
				ENABLE_STRICT_OBJC_MSGSEND = YES;
				ENABLE_TESTABILITY = YES;
				GCC_C_LANGUAGE_STANDARD = gnu99;
				GCC_DYNAMIC_NO_PIC = NO;
				GCC_NO_COMMON_BLOCKS = YES;
				GCC_OPTIMIZATION_LEVEL = 0;
				GCC_PREPROCESSOR_DEFINITIONS = (
					"DEBUG=1",
					"$(inherited)",
				);
				GCC_WARN_64_TO_32_BIT_CONVERSION = YES;
				GCC_WARN_ABOUT_RETURN_TYPE = YES_ERROR;
				GCC_WARN_UNDECLARED_SELECTOR = YES;
				GCC_WARN_UNINITIALIZED_AUTOS = YES_AGGRESSIVE;
				GCC_WARN_UNUSED_FUNCTION = YES;
				GCC_WARN_UNUSED_VARIABLE = YES;
				IPHONEOS_DEPLOYMENT_TARGET = 9.3;
				MTL_ENABLE_DEBUG_INFO = YES;
				ONLY_ACTIVE_ARCH = YES;
				SDKROOT = iphoneos;
				SWIFT_OPTIMIZATION_LEVEL = "-Onone";
			};
			name = Debug;
		};
		CA36763F1D19C5E400B227BF /* Release */ = {
			isa = XCBuildConfiguration;
			buildSettings = {
				ALWAYS_SEARCH_USER_PATHS = NO;
				CLANG_ANALYZER_NONNULL = YES;
				CLANG_CXX_LANGUAGE_STANDARD = "gnu++0x";
				CLANG_CXX_LIBRARY = "libc++";
				CLANG_ENABLE_MODULES = YES;
				CLANG_ENABLE_OBJC_ARC = YES;
				CLANG_WARN_BOOL_CONVERSION = YES;
				CLANG_WARN_CONSTANT_CONVERSION = YES;
				CLANG_WARN_DIRECT_OBJC_ISA_USAGE = YES_ERROR;
				CLANG_WARN_EMPTY_BODY = YES;
				CLANG_WARN_ENUM_CONVERSION = YES;
				CLANG_WARN_INT_CONVERSION = YES;
				CLANG_WARN_OBJC_ROOT_CLASS = YES_ERROR;
				CLANG_WARN_UNREACHABLE_CODE = YES;
				CLANG_WARN__DUPLICATE_METHOD_MATCH = YES;
				"CODE_SIGN_IDENTITY[sdk=iphoneos*]" = "iPhone Developer";
				COPY_PHASE_STRIP = NO;
				DEBUG_INFORMATION_FORMAT = "dwarf-with-dsym";
				ENABLE_NS_ASSERTIONS = NO;
				ENABLE_STRICT_OBJC_MSGSEND = YES;
				GCC_C_LANGUAGE_STANDARD = gnu99;
				GCC_NO_COMMON_BLOCKS = YES;
				GCC_WARN_64_TO_32_BIT_CONVERSION = YES;
				GCC_WARN_ABOUT_RETURN_TYPE = YES_ERROR;
				GCC_WARN_UNDECLARED_SELECTOR = YES;
				GCC_WARN_UNINITIALIZED_AUTOS = YES_AGGRESSIVE;
				GCC_WARN_UNUSED_FUNCTION = YES;
				GCC_WARN_UNUSED_VARIABLE = YES;
				IPHONEOS_DEPLOYMENT_TARGET = 9.3;
				MTL_ENABLE_DEBUG_INFO = NO;
				SDKROOT = iphoneos;
				VALIDATE_PRODUCT = YES;
			};
			name = Release;
		};
		CA3676411D19C5E400B227BF /* Debug */ = {
			isa = XCBuildConfiguration;
			buildSettings = {
				ASSETCATALOG_COMPILER_APPICON_NAME = AppIcon;
				INFOPLIST_FILE = EndlessPagingExample/Info.plist;
				LD_RUNPATH_SEARCH_PATHS = "$(inherited) @executable_path/Frameworks";
				PRODUCT_BUNDLE_IDENTIFIER = com.EndlessPagingExample;
				PRODUCT_NAME = "$(TARGET_NAME)";
			};
			name = Debug;
		};
		CA3676421D19C5E400B227BF /* Release */ = {
			isa = XCBuildConfiguration;
			buildSettings = {
				ASSETCATALOG_COMPILER_APPICON_NAME = AppIcon;
				INFOPLIST_FILE = EndlessPagingExample/Info.plist;
				LD_RUNPATH_SEARCH_PATHS = "$(inherited) @executable_path/Frameworks";
				PRODUCT_BUNDLE_IDENTIFIER = com.EndlessPagingExample;
				PRODUCT_NAME = "$(TARGET_NAME)";
			};
			name = Release;
		};
/* End XCBuildConfiguration section */

/* Begin XCConfigurationList section */
		CA3676291D19C5E400B227BF /* Build configuration list for PBXProject "EndlessPagingExample" */ = {
			isa = XCConfigurationList;
			buildConfigurations = (
				CA36763E1D19C5E400B227BF /* Debug */,
				CA36763F1D19C5E400B227BF /* Release */,
			);
			defaultConfigurationIsVisible = 0;
			defaultConfigurationName = Release;
		};
		CA3676401D19C5E400B227BF /* Build configuration list for PBXNativeTarget "EndlessPagingExample" */ = {
			isa = XCConfigurationList;
			buildConfigurations = (
				CA3676411D19C5E400B227BF /* Debug */,
				CA3676421D19C5E400B227BF /* Release */,
			);
			defaultConfigurationIsVisible = 0;
		};
/* End XCConfigurationList section */
	};
	rootObject = CA3676261D19C5E400B227BF /* Project object */;
}
